
Microsoft Visual Studio Solution File, Format Version 12.00
# Visual Studio Version 16
VisualStudioVersion = 16.0.30907.101
MinimumVisualStudioVersion = 10.0.40219.1
Project("{9A19103F-16F7-4668-BE54-9A1E7A4F7556}") = "Clients", "Clients\Clients.csproj", "{AFDFCD3B-D362-43AA-815A-B3F0CAE51C7E}"
EndProject
Project("{9A19103F-16F7-4668-BE54-9A1E7A4F7556}") = "SynchSQKServer", "SynchSQKServer\SynchSQKServer.csproj", "{6A7B37E8-3882-4902-9186-AECAD8671986}"
EndProject
Project("{FAE04EC0-301F-11D3-BF4B-00C04F79EFBC}") = "SynchDB", "SynchDB\SynchDB.csproj", "{DD9F7A42-43F1-4867-AF67-8D43503F5A6F}"
EndProject
Global
	GlobalSection(SolutionConfigurationPlatforms) = preSolution
		Debug|Any CPU = Debug|Any CPU
		Release|Any CPU = Release|Any CPU
	EndGlobalSection
	GlobalSection(ProjectConfigurationPlatforms) = postSolution
		{AFDFCD3B-D362-43AA-815A-B3F0CAE51C7E}.Debug|Any CPU.ActiveCfg = Debug|Any CPU
		{AFDFCD3B-D362-43AA-815A-B3F0CAE51C7E}.Debug|Any CPU.Build.0 = Debug|Any CPU
		{AFDFCD3B-D362-43AA-815A-B3F0CAE51C7E}.Release|Any CPU.ActiveCfg = Release|Any CPU
		{AFDFCD3B-D362-43AA-815A-B3F0CAE51C7E}.Release|Any CPU.Build.0 = Release|Any CPU
		{6A7B37E8-3882-4902-9186-AECAD8671986}.Debug|Any CPU.ActiveCfg = Debug|Any CPU
		{6A7B37E8-3882-4902-9186-AECAD8671986}.Debug|Any CPU.Build.0 = Debug|Any CPU
		{6A7B37E8-3882-4902-9186-AECAD8671986}.Release|Any CPU.ActiveCfg = Release|Any CPU
		{6A7B37E8-3882-4902-9186-AECAD8671986}.Release|Any CPU.Build.0 = Release|Any CPU
		{DD9F7A42-43F1-4867-AF67-8D43503F5A6F}.Debug|Any CPU.ActiveCfg = Debug|Any CPU
		{DD9F7A42-43F1-4867-AF67-8D43503F5A6F}.Debug|Any CPU.Build.0 = Debug|Any CPU
		{DD9F7A42-43F1-4867-AF67-8D43503F5A6F}.Release|Any CPU.ActiveCfg = Release|Any CPU
		{DD9F7A42-43F1-4867-AF67-8D43503F5A6F}.Release|Any CPU.Build.0 = Release|Any CPU
	EndGlobalSection
	GlobalSection(SolutionProperties) = preSolution
		HideSolutionNode = FALSE
	EndGlobalSection
	GlobalSection(ExtensibilityGlobals) = postSolution
		SolutionGuid = {E090A047-E47D-4D59-B59C-2D1FD4BDC469}
	EndGlobalSection
EndGlobal
