
Microsoft Visual Studio Solution File, Format Version 12.00
# Visual Studio Version 16
VisualStudioVersion = 16.0.30907.101
MinimumVisualStudioVersion = 10.0.40219.1
Project("{FAE04EC0-301F-11D3-BF4B-00C04F79EFBC}") = "Clients", "Clients\Clients.csproj", "{AFDFCD3B-D362-43AA-815A-B3F0CAE51C7E}"
EndProject
Global
	GlobalSection(SolutionConfigurationPlatforms) = preSolution
		Debug|Any CPU = Debug|Any CPU
		Release|Any CPU = Release|Any CPU
	EndGlobalSection
	GlobalSection(ProjectConfigurationPlatforms) = postSolution
		{AFDFCD3B-D362-43AA-815A-B3F0CAE51C7E}.Debug|Any CPU.ActiveCfg = Debug|Any CPU
		{AFDFCD3B-D362-43AA-815A-B3F0CAE51C7E}.Debug|Any CPU.Build.0 = Debug|Any CPU
		{AFDFCD3B-D362-43AA-815A-B3F0CAE51C7E}.Release|Any CPU.ActiveCfg = Release|Any CPU
		{AFDFCD3B-D362-43AA-815A-B3F0CAE51C7E}.Release|Any CPU.Build.0 = Release|Any CPU
	EndGlobalSection
	GlobalSection(SolutionProperties) = preSolution
		HideSolutionNode = FALSE
	EndGlobalSection
	GlobalSection(ExtensibilityGlobals) = postSolution
		SolutionGuid = {E090A047-E47D-4D59-B59C-2D1FD4BDC469}
	EndGlobalSection
EndGlobal
